
Microsoft Visual Studio Solution File, Format Version 12.00
# Visual Studio 15
VisualStudioVersion = 15.0.27703.2047
MinimumVisualStudioVersion = 10.0.40219.1
Project("{FAE04EC0-301F-11D3-BF4B-00C04F79EFBC}") = "OCP.Solucao", "OCP.Solucao\OCP.Solucao.csproj", "{9F81B760-3AE3-4766-AB88-2EB9F9DFCFB0}"
EndProject
Project("{FAE04EC0-301F-11D3-BF4B-00C04F79EFBC}") = "OCP.Violacao", "OCP.Violacao\OCP.Violacao.csproj", "{F95B515D-6871-4186-B242-987826A373A6}"
EndProject
Global
	GlobalSection(SolutionConfigurationPlatforms) = preSolution
		Debug|Any CPU = Debug|Any CPU
		Release|Any CPU = Release|Any CPU
	EndGlobalSection
	GlobalSection(ProjectConfigurationPlatforms) = postSolution
		{9F81B760-3AE3-4766-AB88-2EB9F9DFCFB0}.Debug|Any CPU.ActiveCfg = Debug|Any CPU
		{9F81B760-3AE3-4766-AB88-2EB9F9DFCFB0}.Debug|Any CPU.Build.0 = Debug|Any CPU
		{9F81B760-3AE3-4766-AB88-2EB9F9DFCFB0}.Release|Any CPU.ActiveCfg = Release|Any CPU
		{9F81B760-3AE3-4766-AB88-2EB9F9DFCFB0}.Release|Any CPU.Build.0 = Release|Any CPU
		{F95B515D-6871-4186-B242-987826A373A6}.Debug|Any CPU.ActiveCfg = Debug|Any CPU
		{F95B515D-6871-4186-B242-987826A373A6}.Debug|Any CPU.Build.0 = Debug|Any CPU
		{F95B515D-6871-4186-B242-987826A373A6}.Release|Any CPU.ActiveCfg = Release|Any CPU
		{F95B515D-6871-4186-B242-987826A373A6}.Release|Any CPU.Build.0 = Release|Any CPU
	EndGlobalSection
	GlobalSection(SolutionProperties) = preSolution
		HideSolutionNode = FALSE
	EndGlobalSection
	GlobalSection(ExtensibilityGlobals) = postSolution
		SolutionGuid = {3638DD8E-762E-4A96-9C82-43AF7056D8B6}
	EndGlobalSection
EndGlobal
